
Microsoft Visual Studio Solution File, Format Version 12.00
# Visual Studio Version 16
VisualStudioVersion = 16.0.31410.357
MinimumVisualStudioVersion = 10.0.40219.1
Project("{FAE04EC0-301F-11D3-BF4B-00C04F79EFBC}") = "ParImparApi", "ParImparApi\ParImparApi.csproj", "{1AF38385-E665-40B9-B0C9-18C5BD5D61B4}"
EndProject
Global
	GlobalSection(SolutionConfigurationPlatforms) = preSolution
		Debug|Any CPU = Debug|Any CPU
		Release|Any CPU = Release|Any CPU
	EndGlobalSection
	GlobalSection(ProjectConfigurationPlatforms) = postSolution
		{1AF38385-E665-40B9-B0C9-18C5BD5D61B4}.Debug|Any CPU.ActiveCfg = Debug|Any CPU
		{1AF38385-E665-40B9-B0C9-18C5BD5D61B4}.Debug|Any CPU.Build.0 = Debug|Any CPU
		{1AF38385-E665-40B9-B0C9-18C5BD5D61B4}.Release|Any CPU.ActiveCfg = Release|Any CPU
		{1AF38385-E665-40B9-B0C9-18C5BD5D61B4}.Release|Any CPU.Build.0 = Release|Any CPU
	EndGlobalSection
	GlobalSection(SolutionProperties) = preSolution
		HideSolutionNode = FALSE
	EndGlobalSection
	GlobalSection(ExtensibilityGlobals) = postSolution
		SolutionGuid = {046E79BA-7A1A-4D07-815D-FE6D2349C04E}
	EndGlobalSection
EndGlobal
